// !$*UTF8*$!
{
	archiveVersion = 1;
	classes = {
	};
	objectVersion = 46;
	objects = {

/* Begin PBXBuildFile section */
		FD3FD5631B5BFB7F00CD7FE2 /* main.c in Sources */ = {isa = PBXBuildFile; fileRef = FD3FD5621B5BFB7F00CD7FE2 /* main.c */; };
		FD3FD5701B5BFB9800CD7FE2 /* main.c in Sources */ = {isa = PBXBuildFile; fileRef = FD3FD56F1B5BFB9800CD7FE2 /* main.c */; };
/* End PBXBuildFile section */

/* Begin PBXCopyFilesBuildPhase section */
		FD3FD55D1B5BFB7F00CD7FE2 /* CopyFiles */ = {
			isa = PBXCopyFilesBuildPhase;
			buildActionMask = 2147483647;
			dstPath = /usr/share/man/man1/;
			dstSubfolderSpec = 0;
			files = (
			);
			runOnlyForDeploymentPostprocessing = 1;
		};
		FD3FD56B1B5BFB9800CD7FE2 /* CopyFiles */ = {
			isa = PBXCopyFilesBuildPhase;
			buildActionMask = 2147483647;
			dstPath = /usr/share/man/man1/;
			dstSubfolderSpec = 0;
			files = (
			);
			runOnlyForDeploymentPostprocessing = 1;
		};
/* End PBXCopyFilesBuildPhase section */

/* Begin PBXFileReference section */
		FD3FD55F1B5BFB7F00CD7FE2 /* c-yvyv */ = {isa = PBXFileReference; explicitFileType = "compiled.mach-o.executable"; includeInIndex = 0; path = "c-yvyv"; sourceTree = BUILT_PRODUCTS_DIR; };
		FD3FD5621B5BFB7F00CD7FE2 /* main.c */ = {isa = PBXFileReference; lastKnownFileType = sourcecode.c.c; path = main.c; sourceTree = "<group>"; };
		FD3FD56D1B5BFB9800CD7FE2 /* 0719-code */ = {isa = PBXFileReference; explicitFileType = "compiled.mach-o.executable"; includeInIndex = 0; path = "0719-code"; sourceTree = BUILT_PRODUCTS_DIR; };
		FD3FD56F1B5BFB9800CD7FE2 /* main.c */ = {isa = PBXFileReference; lastKnownFileType = sourcecode.c.c; path = main.c; sourceTree = "<group>"; };
/* End PBXFileReference section */

/* Begin PBXFrameworksBuildPhase section */
		FD3FD55C1B5BFB7F00CD7FE2 /* Frameworks */ = {
			isa = PBXFrameworksBuildPhase;
			buildActionMask = 2147483647;
			files = (
			);
			runOnlyForDeploymentPostprocessing = 0;
		};
		FD3FD56A1B5BFB9800CD7FE2 /* Frameworks */ = {
			isa = PBXFrameworksBuildPhase;
			buildActionMask = 2147483647;
			files = (
			);
			runOnlyForDeploymentPostprocessing = 0;
		};
/* End PBXFrameworksBuildPhase section */

/* Begin PBXGroup section */
		FD3FD5561B5BFB7F00CD7FE2 = {
			isa = PBXGroup;
			children = (
				FD3FD5611B5BFB7F00CD7FE2 /* c-yvyv */,
				FD3FD56E1B5BFB9800CD7FE2 /* 0719-code */,
				FD3FD5601B5BFB7F00CD7FE2 /* Products */,
			);
			sourceTree = "<group>";
		};
		FD3FD5601B5BFB7F00CD7FE2 /* Products */ = {
			isa = PBXGroup;
			children = (
				FD3FD55F1B5BFB7F00CD7FE2 /* c-yvyv */,
				FD3FD56D1B5BFB9800CD7FE2 /* 0719-code */,
			);
			name = Products;
			sourceTree = "<group>";
		};
		FD3FD5611B5BFB7F00CD7FE2 /* c-yvyv */ = {
			isa = PBXGroup;
			children = (
				FD3FD5621B5BFB7F00CD7FE2 /* main.c */,
			);
			path = "c-yvyv";
			sourceTree = "<group>";
		};
		FD3FD56E1B5BFB9800CD7FE2 /* 0719-code */ = {
			isa = PBXGroup;
			children = (
				FD3FD56F1B5BFB9800CD7FE2 /* main.c */,
			);
			path = "0719-code";
			sourceTree = "<group>";
		};
/* End PBXGroup section */

/* Begin PBXNativeTarget section */
		FD3FD55E1B5BFB7F00CD7FE2 /* c-yvyv */ = {
			isa = PBXNativeTarget;
			buildConfigurationList = FD3FD5661B5BFB7F00CD7FE2 /* Build configuration list for PBXNativeTarget "c-yvyv" */;
			buildPhases = (
				FD3FD55B1B5BFB7F00CD7FE2 /* Sources */,
				FD3FD55C1B5BFB7F00CD7FE2 /* Frameworks */,
				FD3FD55D1B5BFB7F00CD7FE2 /* CopyFiles */,
			);
			buildRules = (
			);
			dependencies = (
			);
			name = "c-yvyv";
			productName = "c-yvyv";
			productReference = FD3FD55F1B5BFB7F00CD7FE2 /* c-yvyv */;
			productType = "com.apple.product-type.tool";
		};
		FD3FD56C1B5BFB9800CD7FE2 /* 0719-code */ = {
			isa = PBXNativeTarget;
			buildConfigurationList = FD3FD5711B5BFB9800CD7FE2 /* Build configuration list for PBXNativeTarget "0719-code" */;
			buildPhases = (
				FD3FD5691B5BFB9800CD7FE2 /* Sources */,
				FD3FD56A1B5BFB9800CD7FE2 /* Frameworks */,
				FD3FD56B1B5BFB9800CD7FE2 /* CopyFiles */,
			);
			buildRules = (
			);
			dependencies = (
			);
			name = "0719-code";
			productName = "0719-code";
			productReference = FD3FD56D1B5BFB9800CD7FE2 /* 0719-code */;
			productType = "com.apple.product-type.tool";
		};
/* End PBXNativeTarget section */

/* Begin PBXProject section */
		FD3FD5571B5BFB7F00CD7FE2 /* Project object */ = {
			isa = PBXProject;
			attributes = {
				LastUpgradeCheck = 0640;
				ORGANIZATIONNAME = "Xiaofeng Li ";
				TargetAttributes = {
					FD3FD55E1B5BFB7F00CD7FE2 = {
						CreatedOnToolsVersion = 6.4;
					};
					FD3FD56C1B5BFB9800CD7FE2 = {
						CreatedOnToolsVersion = 6.4;
					};
				};
			};
			buildConfigurationList = FD3FD55A1B5BFB7F00CD7FE2 /* Build configuration list for PBXProject "c-yvyv" */;
			compatibilityVersion = "Xcode 3.2";
			developmentRegion = English;
			hasScannedForEncodings = 0;
			knownRegions = (
				en,
			);
			mainGroup = FD3FD5561B5BFB7F00CD7FE2;
			productRefGroup = FD3FD5601B5BFB7F00CD7FE2 /* Products */;
			projectDirPath = "";
			projectRoot = "";
			targets = (
				FD3FD55E1B5BFB7F00CD7FE2 /* c-yvyv */,
				FD3FD56C1B5BFB9800CD7FE2 /* 0719-code */,
			);
		};
/* End PBXProject section */

/* Begin PBXSourcesBuildPhase section */
		FD3FD55B1B5BFB7F00CD7FE2 /* Sources */ = {
			isa = PBXSourcesBuildPhase;
			buildActionMask = 2147483647;
			files = (
				FD3FD5631B5BFB7F00CD7FE2 /* main.c in Sources */,
			);
			runOnlyForDeploymentPostprocessing = 0;
		};
		FD3FD5691B5BFB9800CD7FE2 /* Sources */ = {
			isa = PBXSourcesBuildPhase;
			buildActionMask = 2147483647;
			files = (
				FD3FD5701B5BFB9800CD7FE2 /* main.c in Sources */,
			);
			runOnlyForDeploymentPostprocessing = 0;
		};
/* End PBXSourcesBuildPhase section */

/* Begin XCBuildConfiguration section */
		FD3FD5641B5BFB7F00CD7FE2 /* Debug */ = {
			isa = XCBuildConfiguration;
			buildSettings = {
				ALWAYS_SEARCH_USER_PATHS = NO;
				CLANG_CXX_LANGUAGE_STANDARD = "gnu++0x";
				CLANG_CXX_LIBRARY = "libc++";
				CLANG_ENABLE_MODULES = YES;
				CLANG_ENABLE_OBJC_ARC = YES;
				CLANG_WARN_BOOL_CONVERSION = YES;
				CLANG_WARN_CONSTANT_CONVERSION = YES;
				CLANG_WARN_DIRECT_OBJC_ISA_USAGE = YES_ERROR;
				CLANG_WARN_EMPTY_BODY = YES;
				CLANG_WARN_ENUM_CONVERSION = YES;
				CLANG_WARN_INT_CONVERSION = YES;
				CLANG_WARN_OBJC_ROOT_CLASS = YES_ERROR;
				CLANG_WARN_UNREACHABLE_CODE = YES;
				CLANG_WARN__DUPLICATE_METHOD_MATCH = YES;
				COPY_PHASE_STRIP = NO;
				DEBUG_INFORMATION_FORMAT = dwarf;
				ENABLE_STRICT_OBJC_MSGSEND = YES;
				GCC_C_LANGUAGE_STANDARD = gnu99;
				GCC_DYNAMIC_NO_PIC = NO;
				GCC_NO_COMMON_BLOCKS = YES;
				GCC_OPTIMIZATION_LEVEL = 0;
				GCC_PREPROCESSOR_DEFINITIONS = (
					"DEBUG=1",
					"$(inherited)",
				);
				GCC_SYMBOLS_PRIVATE_EXTERN = NO;
				GCC_WARN_64_TO_32_BIT_CONVERSION = YES;
				GCC_WARN_ABOUT_RETURN_TYPE = YES_ERROR;
				GCC_WARN_UNDECLARED_SELECTOR = YES;
				GCC_WARN_UNINITIALIZED_AUTOS = YES_AGGRESSIVE;
				GCC_WARN_UNUSED_FUNCTION = YES;
				GCC_WARN_UNUSED_VARIABLE = YES;
				MACOSX_DEPLOYMENT_TARGET = 10.10;
				MTL_ENABLE_DEBUG_INFO = YES;
				ONLY_ACTIVE_ARCH = YES;
				SDKROOT = macosx;
			};
			name = Debug;
		};
		FD3FD5651B5BFB7F00CD7FE2 /* Release */ = {
			isa = XCBuildConfiguration;
			buildSettings = {
				ALWAYS_SEARCH_USER_PATHS = NO;
				CLANG_CXX_LANGUAGE_STANDARD = "gnu++0x";
				CLANG_CXX_LIBRARY = "libc++";
				CLANG_ENABLE_MODULES = YES;
				CLANG_ENABLE_OBJC_ARC = YES;
				CLANG_WARN_BOOL_CONVERSION = YES;
				CLANG_WARN_CONSTANT_CONVERSION = YES;
				CLANG_WARN_DIRECT_OBJC_ISA_USAGE = YES_ERROR;
				CLANG_WARN_EMPTY_BODY = YES;
				CLANG_WARN_ENUM_CONVERSION = YES;
				CLANG_WARN_INT_CONVERSION = YES;
				CLANG_WARN_OBJC_ROOT_CLASS = YES_ERROR;
				CLANG_WARN_UNREACHABLE_CODE = YES;
				CLANG_WARN__DUPLICATE_METHOD_MATCH = YES;
				COPY_PHASE_STRIP = NO;
				DEBUG_INFORMATION_FORMAT = "dwarf-with-dsym";
				ENABLE_NS_ASSERTIONS = NO;
				ENABLE_STRICT_OBJC_MSGSEND = YES;
				GCC_C_LANGUAGE_STANDARD = gnu99;
				GCC_NO_COMMON_BLOCKS = YES;
				GCC_WARN_64_TO_32_BIT_CONVERSION = YES;
				GCC_WARN_ABOUT_RETURN_TYPE = YES_ERROR;
				GCC_WARN_UNDECLARED_SELECTOR = YES;
				GCC_WARN_UNINITIALIZED_AUTOS = YES_AGGRESSIVE;
				GCC_WARN_UNUSED_FUNCTION = YES;
				GCC_WARN_UNUSED_VARIABLE = YES;
				MACOSX_DEPLOYMENT_TARGET = 10.10;
				MTL_ENABLE_DEBUG_INFO = NO;
				SDKROOT = macosx;
			};
			name = Release;
		};
		FD3FD5671B5BFB7F00CD7FE2 /* Debug */ = {
			isa = XCBuildConfiguration;
			buildSettings = {
				PRODUCT_NAME = "$(TARGET_NAME)";
			};
			name = Debug;
		};
		FD3FD5681B5BFB7F00CD7FE2 /* Release */ = {
			isa = XCBuildConfiguration;
			buildSettings = {
				PRODUCT_NAME = "$(TARGET_NAME)";
			};
			name = Release;
		};
		FD3FD5721B5BFB9800CD7FE2 /* Debug */ = {
			isa = XCBuildConfiguration;
			buildSettings = {
				GCC_PREPROCESSOR_DEFINITIONS = (
					"DEBUG=1",
					"$(inherited)",
				);
				PRODUCT_NAME = "$(TARGET_NAME)";
			};
			name = Debug;
		};
		FD3FD5731B5BFB9800CD7FE2 /* Release */ = {
			isa = XCBuildConfiguration;
			buildSettings = {
				PRODUCT_NAME = "$(TARGET_NAME)";
			};
			name = Release;
		};
/* End XCBuildConfiguration section */

/* Begin XCConfigurationList section */
		FD3FD55A1B5BFB7F00CD7FE2 /* Build configuration list for PBXProject "c-yvyv" */ = {
			isa = XCConfigurationList;
			buildConfigurations = (
				FD3FD5641B5BFB7F00CD7FE2 /* Debug */,
				FD3FD5651B5BFB7F00CD7FE2 /* Release */,
			);
			defaultConfigurationIsVisible = 0;
			defaultConfigurationName = Release;
		};
		FD3FD5661B5BFB7F00CD7FE2 /* Build configuration list for PBXNativeTarget "c-yvyv" */ = {
			isa = XCConfigurationList;
			buildConfigurations = (
				FD3FD5671B5BFB7F00CD7FE2 /* Debug */,
				FD3FD5681B5BFB7F00CD7FE2 /* Release */,
			);
			defaultConfigurationIsVisible = 0;
		};
		FD3FD5711B5BFB9800CD7FE2 /* Build configuration list for PBXNativeTarget "0719-code" */ = {
			isa = XCConfigurationList;
			buildConfigurations = (
				FD3FD5721B5BFB9800CD7FE2 /* Debug */,
				FD3FD5731B5BFB9800CD7FE2 /* Release */,
			);
			defaultConfigurationIsVisible = 0;
		};
/* End XCConfigurationList section */
	};
	rootObject = FD3FD5571B5BFB7F00CD7FE2 /* Project object */;
}
